
Microsoft Visual Studio Solution File, Format Version 12.00
# Visual Studio Version 17
VisualStudioVersion = 17.13.35931.197
MinimumVisualStudioVersion = 10.0.40219.1
Project("{2150E333-8FDC-42A3-9474-1A3956D46DE8}") = "src", "src", "{02EA681E-C7D8-13C7-8484-4AC65E1B71E8}"
EndProject
Project("{FAE04EC0-301F-11D3-BF4B-00C04F79EFBC}") = "WebScrape.Api", "WebScrape.Api.csproj", "{FEBA6E36-7AB7-3614-65A5-E3C2A55BF4F5}"
EndProject
Project("{FAE04EC0-301F-11D3-BF4B-00C04F79EFBC}") = "WebScrape.Infrastructure", "..\WebScrape.Infrastructure\WebScrape.Infrastructure.csproj", "{A08427E5-4F5B-D48F-3CEF-291485071435}"
EndProject
Project("{FAE04EC0-301F-11D3-BF4B-00C04F79EFBC}") = "WebScrape.Services", "..\WebScrape.Services\WebScrape.Services.csproj", "{FA829034-CF67-B4C4-F817-739A924FD351}"
EndProject
Project("{FAE04EC0-301F-11D3-BF4B-00C04F79EFBC}") = "WebScrape.Core", "..\WebScraping.Core\WebScrape.Core.csproj", "{AA8B4421-07ED-CA21-98F9-11E6463C148B}"
EndProject
Global
	GlobalSection(SolutionConfigurationPlatforms) = preSolution
		Debug|Any CPU = Debug|Any CPU
		Release|Any CPU = Release|Any CPU
	EndGlobalSection
	GlobalSection(ProjectConfigurationPlatforms) = postSolution
		{FEBA6E36-7AB7-3614-65A5-E3C2A55BF4F5}.Debug|Any CPU.ActiveCfg = Debug|Any CPU
		{FEBA6E36-7AB7-3614-65A5-E3C2A55BF4F5}.Debug|Any CPU.Build.0 = Debug|Any CPU
		{FEBA6E36-7AB7-3614-65A5-E3C2A55BF4F5}.Release|Any CPU.ActiveCfg = Release|Any CPU
		{FEBA6E36-7AB7-3614-65A5-E3C2A55BF4F5}.Release|Any CPU.Build.0 = Release|Any CPU
		{A08427E5-4F5B-D48F-3CEF-291485071435}.Debug|Any CPU.ActiveCfg = Debug|Any CPU
		{A08427E5-4F5B-D48F-3CEF-291485071435}.Debug|Any CPU.Build.0 = Debug|Any CPU
		{A08427E5-4F5B-D48F-3CEF-291485071435}.Release|Any CPU.ActiveCfg = Release|Any CPU
		{A08427E5-4F5B-D48F-3CEF-291485071435}.Release|Any CPU.Build.0 = Release|Any CPU
		{FA829034-CF67-B4C4-F817-739A924FD351}.Debug|Any CPU.ActiveCfg = Debug|Any CPU
		{FA829034-CF67-B4C4-F817-739A924FD351}.Debug|Any CPU.Build.0 = Debug|Any CPU
		{FA829034-CF67-B4C4-F817-739A924FD351}.Release|Any CPU.ActiveCfg = Release|Any CPU
		{FA829034-CF67-B4C4-F817-739A924FD351}.Release|Any CPU.Build.0 = Release|Any CPU
		{AA8B4421-07ED-CA21-98F9-11E6463C148B}.Debug|Any CPU.ActiveCfg = Debug|Any CPU
		{AA8B4421-07ED-CA21-98F9-11E6463C148B}.Debug|Any CPU.Build.0 = Debug|Any CPU
		{AA8B4421-07ED-CA21-98F9-11E6463C148B}.Release|Any CPU.ActiveCfg = Release|Any CPU
		{AA8B4421-07ED-CA21-98F9-11E6463C148B}.Release|Any CPU.Build.0 = Release|Any CPU
	EndGlobalSection
	GlobalSection(SolutionProperties) = preSolution
		HideSolutionNode = FALSE
	EndGlobalSection
	GlobalSection(NestedProjects) = preSolution
		{FEBA6E36-7AB7-3614-65A5-E3C2A55BF4F5} = {02EA681E-C7D8-13C7-8484-4AC65E1B71E8}
		{A08427E5-4F5B-D48F-3CEF-291485071435} = {02EA681E-C7D8-13C7-8484-4AC65E1B71E8}
		{FA829034-CF67-B4C4-F817-739A924FD351} = {02EA681E-C7D8-13C7-8484-4AC65E1B71E8}
		{AA8B4421-07ED-CA21-98F9-11E6463C148B} = {02EA681E-C7D8-13C7-8484-4AC65E1B71E8}
	EndGlobalSection
	GlobalSection(ExtensibilityGlobals) = postSolution
		SolutionGuid = {24834A42-BBFC-4ADB-8154-89A8A1D28007}
	EndGlobalSection
EndGlobal
